
Microsoft Visual Studio Solution File, Format Version 12.00
# Visual Studio Version 17
VisualStudioVersion = 17.2.32414.248
MinimumVisualStudioVersion = 10.0.40219.1
Project("{9A19103F-16F7-4668-BE54-9A1E7A4F7556}") = "MarketKurly_CloneCoding", "MarketKurly_CloneCoding\MarketKurly_CloneCoding.csproj", "{46ABF3C6-6D97-49B6-A2C9-91333E3496F2}"
EndProject
Project("{FAE04EC0-301F-11D3-BF4B-00C04F79EFBC}") = "MarketKurly_CloneCoding.DataAccess", "MarketKurly_CloneCoding.DataAccess\MarketKurly_CloneCoding.DataAccess.csproj", "{14813AFC-845D-455C-9EE0-7C8D910511DD}"
EndProject
Project("{FAE04EC0-301F-11D3-BF4B-00C04F79EFBC}") = "MarketKurly_CloneCoding.Models", "MarketKurly_CloneCoding.Models\MarketKurly_CloneCoding.Models.csproj", "{33E6AE3A-8DE9-47B5-B3D0-6670591812E8}"
EndProject
Global
	GlobalSection(SolutionConfigurationPlatforms) = preSolution
		Debug|Any CPU = Debug|Any CPU
		Release|Any CPU = Release|Any CPU
	EndGlobalSection
	GlobalSection(ProjectConfigurationPlatforms) = postSolution
		{46ABF3C6-6D97-49B6-A2C9-91333E3496F2}.Debug|Any CPU.ActiveCfg = Debug|Any CPU
		{46ABF3C6-6D97-49B6-A2C9-91333E3496F2}.Debug|Any CPU.Build.0 = Debug|Any CPU
		{46ABF3C6-6D97-49B6-A2C9-91333E3496F2}.Release|Any CPU.ActiveCfg = Release|Any CPU
		{46ABF3C6-6D97-49B6-A2C9-91333E3496F2}.Release|Any CPU.Build.0 = Release|Any CPU
		{14813AFC-845D-455C-9EE0-7C8D910511DD}.Debug|Any CPU.ActiveCfg = Debug|Any CPU
		{14813AFC-845D-455C-9EE0-7C8D910511DD}.Debug|Any CPU.Build.0 = Debug|Any CPU
		{14813AFC-845D-455C-9EE0-7C8D910511DD}.Release|Any CPU.ActiveCfg = Release|Any CPU
		{14813AFC-845D-455C-9EE0-7C8D910511DD}.Release|Any CPU.Build.0 = Release|Any CPU
		{33E6AE3A-8DE9-47B5-B3D0-6670591812E8}.Debug|Any CPU.ActiveCfg = Debug|Any CPU
		{33E6AE3A-8DE9-47B5-B3D0-6670591812E8}.Debug|Any CPU.Build.0 = Debug|Any CPU
		{33E6AE3A-8DE9-47B5-B3D0-6670591812E8}.Release|Any CPU.ActiveCfg = Release|Any CPU
		{33E6AE3A-8DE9-47B5-B3D0-6670591812E8}.Release|Any CPU.Build.0 = Release|Any CPU
	EndGlobalSection
	GlobalSection(SolutionProperties) = preSolution
		HideSolutionNode = FALSE
	EndGlobalSection
	GlobalSection(ExtensibilityGlobals) = postSolution
		SolutionGuid = {CF29AE69-26AF-4455-B4C6-839DDA706540}
	EndGlobalSection
EndGlobal
